// !$*UTF8*$!
{
	archiveVersion = 1;
	classes = {
	};
	objectVersion = 50;
	objects = {

/* Begin PBXBuildFile section */
		7BD713BA20BBBFD500513C85 /* AppDelegate.swift in Sources */ = {isa = PBXBuildFile; fileRef = 7BD713B920BBBFD500513C85 /* AppDelegate.swift */; };
		7BD713BC20BBBFD500513C85 /* ViewController.swift in Sources */ = {isa = PBXBuildFile; fileRef = 7BD713BB20BBBFD500513C85 /* ViewController.swift */; };
		7BD713BF20BBBFD500513C85 /* Main.storyboard in Resources */ = {isa = PBXBuildFile; fileRef = 7BD713BD20BBBFD500513C85 /* Main.storyboard */; };
		7BD713C120BBBFD700513C85 /* Assets.xcassets in Resources */ = {isa = PBXBuildFile; fileRef = 7BD713C020BBBFD700513C85 /* Assets.xcassets */; };
		7BD713C420BBBFD700513C85 /* LaunchScreen.storyboard in Resources */ = {isa = PBXBuildFile; fileRef = 7BD713C220BBBFD700513C85 /* LaunchScreen.storyboard */; };
		7BD713CC20BBE0F500513C85 /* ShapeModel.swift in Sources */ = {isa = PBXBuildFile; fileRef = 7BD713CB20BBE0F500513C85 /* ShapeModel.swift */; };
/* End PBXBuildFile section */

/* Begin PBXFileReference section */
		7BD713B620BBBFD500513C85 /* Peak App.app */ = {isa = PBXFileReference; explicitFileType = wrapper.application; includeInIndex = 0; path = "Peak App.app"; sourceTree = BUILT_PRODUCTS_DIR; };
		7BD713B920BBBFD500513C85 /* AppDelegate.swift */ = {isa = PBXFileReference; lastKnownFileType = sourcecode.swift; path = AppDelegate.swift; sourceTree = "<group>"; };
		7BD713BB20BBBFD500513C85 /* ViewController.swift */ = {isa = PBXFileReference; lastKnownFileType = sourcecode.swift; path = ViewController.swift; sourceTree = "<group>"; };
		7BD713BE20BBBFD500513C85 /* Base */ = {isa = PBXFileReference; lastKnownFileType = file.storyboard; name = Base; path = Base.lproj/Main.storyboard; sourceTree = "<group>"; };
		7BD713C020BBBFD700513C85 /* Assets.xcassets */ = {isa = PBXFileReference; lastKnownFileType = folder.assetcatalog; path = Assets.xcassets; sourceTree = "<group>"; };
		7BD713C320BBBFD700513C85 /* Base */ = {isa = PBXFileReference; lastKnownFileType = file.storyboard; name = Base; path = Base.lproj/LaunchScreen.storyboard; sourceTree = "<group>"; };
		7BD713C520BBBFD700513C85 /* Info.plist */ = {isa = PBXFileReference; lastKnownFileType = text.plist.xml; path = Info.plist; sourceTree = "<group>"; };
		7BD713CB20BBE0F500513C85 /* ShapeModel.swift */ = {isa = PBXFileReference; lastKnownFileType = sourcecode.swift; path = ShapeModel.swift; sourceTree = "<group>"; };
/* End PBXFileReference section */

/* Begin PBXFrameworksBuildPhase section */
		7BD713B320BBBFD500513C85 /* Frameworks */ = {
			isa = PBXFrameworksBuildPhase;
			buildActionMask = 2147483647;
			files = (
			);
			runOnlyForDeploymentPostprocessing = 0;
		};
/* End PBXFrameworksBuildPhase section */

/* Begin PBXGroup section */
		7BD713AD20BBBFD500513C85 = {
			isa = PBXGroup;
			children = (
				7BD713B820BBBFD500513C85 /* Peak App */,
				7BD713B720BBBFD500513C85 /* Products */,
			);
			sourceTree = "<group>";
		};
		7BD713B720BBBFD500513C85 /* Products */ = {
			isa = PBXGroup;
			children = (
				7BD713B620BBBFD500513C85 /* Peak App.app */,
			);
			name = Products;
			sourceTree = "<group>";
		};
		7BD713B820BBBFD500513C85 /* Peak App */ = {
			isa = PBXGroup;
			children = (
				7BD713B920BBBFD500513C85 /* AppDelegate.swift */,
				7BD713BB20BBBFD500513C85 /* ViewController.swift */,
				7BD713CB20BBE0F500513C85 /* ShapeModel.swift */,
				7BD713BD20BBBFD500513C85 /* Main.storyboard */,
				7BD713C020BBBFD700513C85 /* Assets.xcassets */,
				7BD713C220BBBFD700513C85 /* LaunchScreen.storyboard */,
				7BD713C520BBBFD700513C85 /* Info.plist */,
			);
			path = "Peak App";
			sourceTree = "<group>";
		};
/* End PBXGroup section */

/* Begin PBXNativeTarget section */
		7BD713B520BBBFD500513C85 /* Peak App */ = {
			isa = PBXNativeTarget;
			buildConfigurationList = 7BD713C820BBBFD700513C85 /* Build configuration list for PBXNativeTarget "Peak App" */;
			buildPhases = (
				7BD713B220BBBFD500513C85 /* Sources */,
				7BD713B320BBBFD500513C85 /* Frameworks */,
				7BD713B420BBBFD500513C85 /* Resources */,
			);
			buildRules = (
			);
			dependencies = (
			);
			name = "Peak App";
			productName = "Peak App";
			productReference = 7BD713B620BBBFD500513C85 /* Peak App.app */;
			productType = "com.apple.product-type.application";
		};
/* End PBXNativeTarget section */

/* Begin PBXProject section */
		7BD713AE20BBBFD500513C85 /* Project object */ = {
			isa = PBXProject;
			attributes = {
				LastSwiftUpdateCheck = 0930;
				LastUpgradeCheck = 0930;
				ORGANIZATIONNAME = "Little Maxima LLC";
				TargetAttributes = {
					7BD713B520BBBFD500513C85 = {
						CreatedOnToolsVersion = 9.3.1;
					};
				};
			};
			buildConfigurationList = 7BD713B120BBBFD500513C85 /* Build configuration list for PBXProject "Peak App" */;
			compatibilityVersion = "Xcode 9.3";
			developmentRegion = en;
			hasScannedForEncodings = 0;
			knownRegions = (
				en,
				Base,
			);
			mainGroup = 7BD713AD20BBBFD500513C85;
			productRefGroup = 7BD713B720BBBFD500513C85 /* Products */;
			projectDirPath = "";
			projectRoot = "";
			targets = (
				7BD713B520BBBFD500513C85 /* Peak App */,
			);
		};
/* End PBXProject section */

/* Begin PBXResourcesBuildPhase section */
		7BD713B420BBBFD500513C85 /* Resources */ = {
			isa = PBXResourcesBuildPhase;
			buildActionMask = 2147483647;
			files = (
				7BD713C420BBBFD700513C85 /* LaunchScreen.storyboard in Resources */,
				7BD713C120BBBFD700513C85 /* Assets.xcassets in Resources */,
				7BD713BF20BBBFD500513C85 /* Main.storyboard in Resources */,
			);
			runOnlyForDeploymentPostprocessing = 0;
		};
/* End PBXResourcesBuildPhase section */

/* Begin PBXSourcesBuildPhase section */
		7BD713B220BBBFD500513C85 /* Sources */ = {
			isa = PBXSourcesBuildPhase;
			buildActionMask = 2147483647;
			files = (
				7BD713BC20BBBFD500513C85 /* ViewController.swift in Sources */,
				7BD713CC20BBE0F500513C85 /* ShapeModel.swift in Sources */,
				7BD713BA20BBBFD500513C85 /* AppDelegate.swift in Sources */,
			);
			runOnlyForDeploymentPostprocessing = 0;
		};
/* End PBXSourcesBuildPhase section */

/* Begin PBXVariantGroup section */
		7BD713BD20BBBFD500513C85 /* Main.storyboard */ = {
			isa = PBXVariantGroup;
			children = (
				7BD713BE20BBBFD500513C85 /* Base */,
			);
			name = Main.storyboard;
			sourceTree = "<group>";
		};
		7BD713C220BBBFD700513C85 /* LaunchScreen.storyboard */ = {
			isa = PBXVariantGroup;
			children = (
				7BD713C320BBBFD700513C85 /* Base */,
			);
			name = LaunchScreen.storyboard;
			sourceTree = "<group>";
		};
/* End PBXVariantGroup section */

/* Begin XCBuildConfiguration section */
		7BD713C620BBBFD700513C85 /* Debug */ = {
			isa = XCBuildConfiguration;
			buildSettings = {
				ALWAYS_SEARCH_USER_PATHS = NO;
				CLANG_ANALYZER_NONNULL = YES;
				CLANG_ANALYZER_NUMBER_OBJECT_CONVERSION = YES_AGGRESSIVE;
				CLANG_CXX_LANGUAGE_STANDARD = "gnu++14";
				CLANG_CXX_LIBRARY = "libc++";
				CLANG_ENABLE_MODULES = YES;
				CLANG_ENABLE_OBJC_ARC = YES;
				CLANG_ENABLE_OBJC_WEAK = YES;
				CLANG_WARN_BLOCK_CAPTURE_AUTORELEASING = YES;
				CLANG_WARN_BOOL_CONVERSION = YES;
				CLANG_WARN_COMMA = YES;
				CLANG_WARN_CONSTANT_CONVERSION = YES;
				CLANG_WARN_DEPRECATED_OBJC_IMPLEMENTATIONS = YES;
				CLANG_WARN_DIRECT_OBJC_ISA_USAGE = YES_ERROR;
				CLANG_WARN_DOCUMENTATION_COMMENTS = YES;
				CLANG_WARN_EMPTY_BODY = YES;
				CLANG_WARN_ENUM_CONVERSION = YES;
				CLANG_WARN_INFINITE_RECURSION = YES;
				CLANG_WARN_INT_CONVERSION = YES;
				CLANG_WARN_NON_LITERAL_NULL_CONVERSION = YES;
				CLANG_WARN_OBJC_IMPLICIT_RETAIN_SELF = YES;
				CLANG_WARN_OBJC_LITERAL_CONVERSION = YES;
				CLANG_WARN_OBJC_ROOT_CLASS = YES_ERROR;
				CLANG_WARN_RANGE_LOOP_ANALYSIS = YES;
				CLANG_WARN_STRICT_PROTOTYPES = YES;
				CLANG_WARN_SUSPICIOUS_MOVE = YES;
				CLANG_WARN_UNGUARDED_AVAILABILITY = YES_AGGRESSIVE;
				CLANG_WARN_UNREACHABLE_CODE = YES;
				CLANG_WARN__DUPLICATE_METHOD_MATCH = YES;
				CODE_SIGN_IDENTITY = "iPhone Developer";
				COPY_PHASE_STRIP = NO;
				DEBUG_INFORMATION_FORMAT = dwarf;
				ENABLE_STRICT_OBJC_MSGSEND = YES;
				ENABLE_TESTABILITY = YES;
				GCC_C_LANGUAGE_STANDARD = gnu11;
				GCC_DYNAMIC_NO_PIC = NO;
				GCC_NO_COMMON_BLOCKS = YES;
				GCC_OPTIMIZATION_LEVEL = 0;
				GCC_PREPROCESSOR_DEFINITIONS = (
					"DEBUG=1",
					"$(inherited)",
				);
				GCC_WARN_64_TO_32_BIT_CONVERSION = YES;
				GCC_WARN_ABOUT_RETURN_TYPE = YES_ERROR;
				GCC_WARN_UNDECLARED_SELECTOR = YES;
				GCC_WARN_UNINITIALIZED_AUTOS = YES_AGGRESSIVE;
				GCC_WARN_UNUSED_FUNCTION = YES;
				GCC_WARN_UNUSED_VARIABLE = YES;
				IPHONEOS_DEPLOYMENT_TARGET = 11.3;
				MTL_ENABLE_DEBUG_INFO = YES;
				ONLY_ACTIVE_ARCH = YES;
				SDKROOT = iphoneos;
				SWIFT_ACTIVE_COMPILATION_CONDITIONS = DEBUG;
				SWIFT_OPTIMIZATION_LEVEL = "-Onone";
			};
			name = Debug;
		};
		7BD713C720BBBFD700513C85 /* Release */ = {
			isa = XCBuildConfiguration;
			buildSettings = {
				ALWAYS_SEARCH_USER_PATHS = NO;
				CLANG_ANALYZER_NONNULL = YES;
				CLANG_ANALYZER_NUMBER_OBJECT_CONVERSION = YES_AGGRESSIVE;
				CLANG_CXX_LANGUAGE_STANDARD = "gnu++14";
				CLANG_CXX_LIBRARY = "libc++";
				CLANG_ENABLE_MODULES = YES;
				CLANG_ENABLE_OBJC_ARC = YES;
				CLANG_ENABLE_OBJC_WEAK = YES;
				CLANG_WARN_BLOCK_CAPTURE_AUTORELEASING = YES;
				CLANG_WARN_BOOL_CONVERSION = YES;
				CLANG_WARN_COMMA = YES;
				CLANG_WARN_CONSTANT_CONVERSION = YES;
				CLANG_WARN_DEPRECATED_OBJC_IMPLEMENTATIONS = YES;
				CLANG_WARN_DIRECT_OBJC_ISA_USAGE = YES_ERROR;
				CLANG_WARN_DOCUMENTATION_COMMENTS = YES;
				CLANG_WARN_EMPTY_BODY = YES;
				CLANG_WARN_ENUM_CONVERSION = YES;
				CLANG_WARN_INFINITE_RECURSION = YES;
				CLANG_WARN_INT_CONVERSION = YES;
				CLANG_WARN_NON_LITERAL_NULL_CONVERSION = YES;
				CLANG_WARN_OBJC_IMPLICIT_RETAIN_SELF = YES;
				CLANG_WARN_OBJC_LITERAL_CONVERSION = YES;
				CLANG_WARN_OBJC_ROOT_CLASS = YES_ERROR;
				CLANG_WARN_RANGE_LOOP_ANALYSIS = YES;
				CLANG_WARN_STRICT_PROTOTYPES = YES;
				CLANG_WARN_SUSPICIOUS_MOVE = YES;
				CLANG_WARN_UNGUARDED_AVAILABILITY = YES_AGGRESSIVE;
				CLANG_WARN_UNREACHABLE_CODE = YES;
				CLANG_WARN__DUPLICATE_METHOD_MATCH = YES;
				CODE_SIGN_IDENTITY = "iPhone Developer";
				COPY_PHASE_STRIP = NO;
				DEBUG_INFORMATION_FORMAT = "dwarf-with-dsym";
				ENABLE_NS_ASSERTIONS = NO;
				ENABLE_STRICT_OBJC_MSGSEND = YES;
				GCC_C_LANGUAGE_STANDARD = gnu11;
				GCC_NO_COMMON_BLOCKS = YES;
				GCC_WARN_64_TO_32_BIT_CONVERSION = YES;
				GCC_WARN_ABOUT_RETURN_TYPE = YES_ERROR;
				GCC_WARN_UNDECLARED_SELECTOR = YES;
				GCC_WARN_UNINITIALIZED_AUTOS = YES_AGGRESSIVE;
				GCC_WARN_UNUSED_FUNCTION = YES;
				GCC_WARN_UNUSED_VARIABLE = YES;
				IPHONEOS_DEPLOYMENT_TARGET = 11.3;
				MTL_ENABLE_DEBUG_INFO = NO;
				SDKROOT = iphoneos;
				SWIFT_COMPILATION_MODE = wholemodule;
				SWIFT_OPTIMIZATION_LEVEL = "-O";
				VALIDATE_PRODUCT = YES;
			};
			name = Release;
		};
		7BD713C920BBBFD700513C85 /* Debug */ = {
			isa = XCBuildConfiguration;
			buildSettings = {
				ASSETCATALOG_COMPILER_APPICON_NAME = AppIcon;
				CODE_SIGN_STYLE = Automatic;
				DEVELOPMENT_TEAM = L8MS5YZENK;
				INFOPLIST_FILE = "Peak App/Info.plist";
				LD_RUNPATH_SEARCH_PATHS = (
					"$(inherited)",
					"@executable_path/Frameworks",
				);
				PRODUCT_BUNDLE_IDENTIFIER = "com.littlemaxima.Peak-App";
				PRODUCT_NAME = "$(TARGET_NAME)";
				SWIFT_VERSION = 4.0;
				TARGETED_DEVICE_FAMILY = "1,2";
			};
			name = Debug;
		};
		7BD713CA20BBBFD700513C85 /* Release */ = {
			isa = XCBuildConfiguration;
			buildSettings = {
				ASSETCATALOG_COMPILER_APPICON_NAME = AppIcon;
				CODE_SIGN_STYLE = Automatic;
				DEVELOPMENT_TEAM = L8MS5YZENK;
				INFOPLIST_FILE = "Peak App/Info.plist";
				LD_RUNPATH_SEARCH_PATHS = (
					"$(inherited)",
					"@executable_path/Frameworks",
				);
				PRODUCT_BUNDLE_IDENTIFIER = "com.littlemaxima.Peak-App";
				PRODUCT_NAME = "$(TARGET_NAME)";
				SWIFT_VERSION = 4.0;
				TARGETED_DEVICE_FAMILY = "1,2";
			};
			name = Release;
		};
/* End XCBuildConfiguration section */

/* Begin XCConfigurationList section */
		7BD713B120BBBFD500513C85 /* Build configuration list for PBXProject "Peak App" */ = {
			isa = XCConfigurationList;
			buildConfigurations = (
				7BD713C620BBBFD700513C85 /* Debug */,
				7BD713C720BBBFD700513C85 /* Release */,
			);
			defaultConfigurationIsVisible = 0;
			defaultConfigurationName = Release;
		};
		7BD713C820BBBFD700513C85 /* Build configuration list for PBXNativeTarget "Peak App" */ = {
			isa = XCConfigurationList;
			buildConfigurations = (
				7BD713C920BBBFD700513C85 /* Debug */,
				7BD713CA20BBBFD700513C85 /* Release */,
			);
			defaultConfigurationIsVisible = 0;
			defaultConfigurationName = Release;
		};
/* End XCConfigurationList section */
	};
	rootObject = 7BD713AE20BBBFD500513C85 /* Project object */;
}
